
Microsoft Visual Studio Solution File, Format Version 12.00
# Visual Studio Version 16
VisualStudioVersion = 16.0.29424.173
MinimumVisualStudioVersion = 10.0.40219.1
Project("{FAE04EC0-301F-11D3-BF4B-00C04F79EFBC}") = "Exercise_01", "Exercise_01\Exercise_01.csproj", "{D6EEBD45-B2BD-4A56-A567-F95066FEF69B}"
EndProject
Project("{FAE04EC0-301F-11D3-BF4B-00C04F79EFBC}") = "Exercise_02", "Exercise_02\Exercise_02.csproj", "{82BAA8B1-BDBF-45A0-A494-29F8AEA3BBEE}"
EndProject
Project("{FAE04EC0-301F-11D3-BF4B-00C04F79EFBC}") = "Exercise_03", "Exercise_03\Exercise_03.csproj", "{368B06E8-8E38-48E3-BB10-12111C5EDED8}"
EndProject
Project("{FAE04EC0-301F-11D3-BF4B-00C04F79EFBC}") = "Exercise_04", "Exercise_04\Exercise_04.csproj", "{89686B48-B452-4B86-B43C-96D30CA105E8}"
EndProject
Project("{FAE04EC0-301F-11D3-BF4B-00C04F79EFBC}") = "Exercise_05", "Exercise_05\Exercise_05.csproj", "{333B514E-AA31-48DA-98E5-170151563663}"
EndProject
Project("{FAE04EC0-301F-11D3-BF4B-00C04F79EFBC}") = "Exercise_06", "Exercise_06\Exercise_06.csproj", "{A742FFC3-4DF3-46CD-AACA-260F7C7953A1}"
EndProject
Project("{FAE04EC0-301F-11D3-BF4B-00C04F79EFBC}") = "Exercise_07", "Exercise_07\Exercise_07.csproj", "{6CAF4DCF-242E-4B79-9865-0798F7CACB76}"
EndProject
Project("{FAE04EC0-301F-11D3-BF4B-00C04F79EFBC}") = "Exercise_08", "Exercise_08\Exercise_08.csproj", "{2A69678A-40C8-421F-8DA1-102F11DA4C38}"
EndProject
Project("{FAE04EC0-301F-11D3-BF4B-00C04F79EFBC}") = "Exercise_09", "Exercise_09\Exercise_09.csproj", "{F4A35BC4-F82C-4FFD-96BD-9E3EE78D8296}"
EndProject
Project("{FAE04EC0-301F-11D3-BF4B-00C04F79EFBC}") = "Exercise_10", "Exercise_10\Exercise_10.csproj", "{4E5189B7-DA73-42FA-8C44-18265701AB06}"
EndProject
Project("{FAE04EC0-301F-11D3-BF4B-00C04F79EFBC}") = "Exercise_11", "Exercise_11\Exercise_11.csproj", "{2183F254-6AD0-4A3D-AB72-D9F4FC15013D}"
EndProject
Project("{FAE04EC0-301F-11D3-BF4B-00C04F79EFBC}") = "Exercise_12", "Exercise_12\Exercise_12.csproj", "{92380D1D-4F01-409A-9B22-D9FC2786421A}"
EndProject
Project("{FAE04EC0-301F-11D3-BF4B-00C04F79EFBC}") = "Exercise_13", "Exercise_13\Exercise_13.csproj", "{A360FCEF-4D18-4E17-BC2F-72A1DE0D9181}"
EndProject
Project("{FAE04EC0-301F-11D3-BF4B-00C04F79EFBC}") = "Exercise_14", "Exercise_14\Exercise_14.csproj", "{BD0CA9C7-CA81-439B-88CE-7B8DFFF8833A}"
EndProject
Project("{FAE04EC0-301F-11D3-BF4B-00C04F79EFBC}") = "Exercise_15", "Exercise_15\Exercise_15.csproj", "{A360A4DF-E88A-41D3-9B61-CDBE7437BD4D}"
EndProject
Project("{FAE04EC0-301F-11D3-BF4B-00C04F79EFBC}") = "Exercise_16", "Exercise_16\Exercise_16.csproj", "{5507633D-73B9-4404-8CC5-6DF517BBA35D}"
EndProject
Project("{FAE04EC0-301F-11D3-BF4B-00C04F79EFBC}") = "Exercise_17", "Exercise_17\Exercise_17.csproj", "{11073F99-67A6-4181-8044-AD1B88A06FED}"
EndProject
Project("{FAE04EC0-301F-11D3-BF4B-00C04F79EFBC}") = "Exercise_18", "Exercise_18\Exercise_18.csproj", "{F071F48F-DA44-48D5-ABD5-50BC9DB2E766}"
EndProject
Project("{FAE04EC0-301F-11D3-BF4B-00C04F79EFBC}") = "Exercise_19", "Exercise_19\Exercise_19.csproj", "{44BC66BA-1C26-4116-8223-2B615DA3C3DE}"
EndProject
Project("{FAE04EC0-301F-11D3-BF4B-00C04F79EFBC}") = "Exercise_20", "Exercise_20\Exercise_20.csproj", "{E081F1E3-953A-439B-AD31-2392F6BA1FB2}"
EndProject
Project("{FAE04EC0-301F-11D3-BF4B-00C04F79EFBC}") = "Exercise_21", "Exercise_21\Exercise_21.csproj", "{CA7DFA79-696C-477F-87F2-09789C595588}"
EndProject
Project("{FAE04EC0-301F-11D3-BF4B-00C04F79EFBC}") = "Exercise_22", "Exercise_22\Exercise_22.csproj", "{1FF2721D-CE27-479F-BC9D-AF4AE0B44358}"
EndProject
Project("{FAE04EC0-301F-11D3-BF4B-00C04F79EFBC}") = "Exercise_23", "Exercise_23\Exercise_23.csproj", "{9E018D66-1938-412D-9F27-7DFC3A7B7627}"
EndProject
Project("{FAE04EC0-301F-11D3-BF4B-00C04F79EFBC}") = "Exercise_24", "Exercise_24\Exercise_24.csproj", "{07A859CF-A916-4297-B9EF-3D1194F6B629}"
EndProject
Project("{FAE04EC0-301F-11D3-BF4B-00C04F79EFBC}") = "Exercise_25", "Exercise_25\Exercise_25.csproj", "{D6ABA633-170A-4F2F-B3F1-E75963D776FC}"
EndProject
Project("{FAE04EC0-301F-11D3-BF4B-00C04F79EFBC}") = "Exercise_26", "Exercise_26\Exercise_26.csproj", "{5AB5E58E-61BE-456B-8B5F-63993025B59C}"
EndProject
Project("{FAE04EC0-301F-11D3-BF4B-00C04F79EFBC}") = "Exercise_27", "Exercise_27\Exercise_27.csproj", "{AEA0565D-824D-4BC7-AEF7-4E2B2424A9D8}"
EndProject
Project("{FAE04EC0-301F-11D3-BF4B-00C04F79EFBC}") = "Exercise_28", "Exercise_28\Exercise_28.csproj", "{7B39EE54-A4F1-49C0-B71C-E3B511820C2F}"
EndProject
Project("{FAE04EC0-301F-11D3-BF4B-00C04F79EFBC}") = "Exercise_29", "Exercise_29\Exercise_29.csproj", "{E823952C-C890-468A-8E24-E14442EA7871}"
EndProject
Project("{FAE04EC0-301F-11D3-BF4B-00C04F79EFBC}") = "Exercise_30", "Exercise_30\Exercise_30.csproj", "{A3019643-5144-4A2C-A81D-49E6D7E4BCE1}"
EndProject
Global
	GlobalSection(SolutionConfigurationPlatforms) = preSolution
		Debug|Any CPU = Debug|Any CPU
		Release|Any CPU = Release|Any CPU
	EndGlobalSection
	GlobalSection(ProjectConfigurationPlatforms) = postSolution
		{D6EEBD45-B2BD-4A56-A567-F95066FEF69B}.Debug|Any CPU.ActiveCfg = Debug|Any CPU
		{D6EEBD45-B2BD-4A56-A567-F95066FEF69B}.Debug|Any CPU.Build.0 = Debug|Any CPU
		{D6EEBD45-B2BD-4A56-A567-F95066FEF69B}.Release|Any CPU.ActiveCfg = Release|Any CPU
		{D6EEBD45-B2BD-4A56-A567-F95066FEF69B}.Release|Any CPU.Build.0 = Release|Any CPU
		{82BAA8B1-BDBF-45A0-A494-29F8AEA3BBEE}.Debug|Any CPU.ActiveCfg = Debug|Any CPU
		{82BAA8B1-BDBF-45A0-A494-29F8AEA3BBEE}.Debug|Any CPU.Build.0 = Debug|Any CPU
		{82BAA8B1-BDBF-45A0-A494-29F8AEA3BBEE}.Release|Any CPU.ActiveCfg = Release|Any CPU
		{82BAA8B1-BDBF-45A0-A494-29F8AEA3BBEE}.Release|Any CPU.Build.0 = Release|Any CPU
		{368B06E8-8E38-48E3-BB10-12111C5EDED8}.Debug|Any CPU.ActiveCfg = Debug|Any CPU
		{368B06E8-8E38-48E3-BB10-12111C5EDED8}.Debug|Any CPU.Build.0 = Debug|Any CPU
		{368B06E8-8E38-48E3-BB10-12111C5EDED8}.Release|Any CPU.ActiveCfg = Release|Any CPU
		{368B06E8-8E38-48E3-BB10-12111C5EDED8}.Release|Any CPU.Build.0 = Release|Any CPU
		{89686B48-B452-4B86-B43C-96D30CA105E8}.Debug|Any CPU.ActiveCfg = Debug|Any CPU
		{89686B48-B452-4B86-B43C-96D30CA105E8}.Debug|Any CPU.Build.0 = Debug|Any CPU
		{89686B48-B452-4B86-B43C-96D30CA105E8}.Release|Any CPU.ActiveCfg = Release|Any CPU
		{89686B48-B452-4B86-B43C-96D30CA105E8}.Release|Any CPU.Build.0 = Release|Any CPU
		{333B514E-AA31-48DA-98E5-170151563663}.Debug|Any CPU.ActiveCfg = Debug|Any CPU
		{333B514E-AA31-48DA-98E5-170151563663}.Debug|Any CPU.Build.0 = Debug|Any CPU
		{333B514E-AA31-48DA-98E5-170151563663}.Release|Any CPU.ActiveCfg = Release|Any CPU
		{333B514E-AA31-48DA-98E5-170151563663}.Release|Any CPU.Build.0 = Release|Any CPU
		{A742FFC3-4DF3-46CD-AACA-260F7C7953A1}.Debug|Any CPU.ActiveCfg = Debug|Any CPU
		{A742FFC3-4DF3-46CD-AACA-260F7C7953A1}.Debug|Any CPU.Build.0 = Debug|Any CPU
		{A742FFC3-4DF3-46CD-AACA-260F7C7953A1}.Release|Any CPU.ActiveCfg = Release|Any CPU
		{A742FFC3-4DF3-46CD-AACA-260F7C7953A1}.Release|Any CPU.Build.0 = Release|Any CPU
		{6CAF4DCF-242E-4B79-9865-0798F7CACB76}.Debug|Any CPU.ActiveCfg = Debug|Any CPU
		{6CAF4DCF-242E-4B79-9865-0798F7CACB76}.Debug|Any CPU.Build.0 = Debug|Any CPU
		{6CAF4DCF-242E-4B79-9865-0798F7CACB76}.Release|Any CPU.ActiveCfg = Release|Any CPU
		{6CAF4DCF-242E-4B79-9865-0798F7CACB76}.Release|Any CPU.Build.0 = Release|Any CPU
		{2A69678A-40C8-421F-8DA1-102F11DA4C38}.Debug|Any CPU.ActiveCfg = Debug|Any CPU
		{2A69678A-40C8-421F-8DA1-102F11DA4C38}.Debug|Any CPU.Build.0 = Debug|Any CPU
		{2A69678A-40C8-421F-8DA1-102F11DA4C38}.Release|Any CPU.ActiveCfg = Release|Any CPU
		{2A69678A-40C8-421F-8DA1-102F11DA4C38}.Release|Any CPU.Build.0 = Release|Any CPU
		{F4A35BC4-F82C-4FFD-96BD-9E3EE78D8296}.Debug|Any CPU.ActiveCfg = Debug|Any CPU
		{F4A35BC4-F82C-4FFD-96BD-9E3EE78D8296}.Debug|Any CPU.Build.0 = Debug|Any CPU
		{F4A35BC4-F82C-4FFD-96BD-9E3EE78D8296}.Release|Any CPU.ActiveCfg = Release|Any CPU
		{F4A35BC4-F82C-4FFD-96BD-9E3EE78D8296}.Release|Any CPU.Build.0 = Release|Any CPU
		{4E5189B7-DA73-42FA-8C44-18265701AB06}.Debug|Any CPU.ActiveCfg = Debug|Any CPU
		{4E5189B7-DA73-42FA-8C44-18265701AB06}.Debug|Any CPU.Build.0 = Debug|Any CPU
		{4E5189B7-DA73-42FA-8C44-18265701AB06}.Release|Any CPU.ActiveCfg = Release|Any CPU
		{4E5189B7-DA73-42FA-8C44-18265701AB06}.Release|Any CPU.Build.0 = Release|Any CPU
		{2183F254-6AD0-4A3D-AB72-D9F4FC15013D}.Debug|Any CPU.ActiveCfg = Debug|Any CPU
		{2183F254-6AD0-4A3D-AB72-D9F4FC15013D}.Debug|Any CPU.Build.0 = Debug|Any CPU
		{2183F254-6AD0-4A3D-AB72-D9F4FC15013D}.Release|Any CPU.ActiveCfg = Release|Any CPU
		{2183F254-6AD0-4A3D-AB72-D9F4FC15013D}.Release|Any CPU.Build.0 = Release|Any CPU
		{92380D1D-4F01-409A-9B22-D9FC2786421A}.Debug|Any CPU.ActiveCfg = Debug|Any CPU
		{92380D1D-4F01-409A-9B22-D9FC2786421A}.Debug|Any CPU.Build.0 = Debug|Any CPU
		{92380D1D-4F01-409A-9B22-D9FC2786421A}.Release|Any CPU.ActiveCfg = Release|Any CPU
		{92380D1D-4F01-409A-9B22-D9FC2786421A}.Release|Any CPU.Build.0 = Release|Any CPU
		{A360FCEF-4D18-4E17-BC2F-72A1DE0D9181}.Debug|Any CPU.ActiveCfg = Debug|Any CPU
		{A360FCEF-4D18-4E17-BC2F-72A1DE0D9181}.Debug|Any CPU.Build.0 = Debug|Any CPU
		{A360FCEF-4D18-4E17-BC2F-72A1DE0D9181}.Release|Any CPU.ActiveCfg = Release|Any CPU
		{A360FCEF-4D18-4E17-BC2F-72A1DE0D9181}.Release|Any CPU.Build.0 = Release|Any CPU
		{BD0CA9C7-CA81-439B-88CE-7B8DFFF8833A}.Debug|Any CPU.ActiveCfg = Debug|Any CPU
		{BD0CA9C7-CA81-439B-88CE-7B8DFFF8833A}.Debug|Any CPU.Build.0 = Debug|Any CPU
		{BD0CA9C7-CA81-439B-88CE-7B8DFFF8833A}.Release|Any CPU.ActiveCfg = Release|Any CPU
		{BD0CA9C7-CA81-439B-88CE-7B8DFFF8833A}.Release|Any CPU.Build.0 = Release|Any CPU
		{A360A4DF-E88A-41D3-9B61-CDBE7437BD4D}.Debug|Any CPU.ActiveCfg = Debug|Any CPU
		{A360A4DF-E88A-41D3-9B61-CDBE7437BD4D}.Debug|Any CPU.Build.0 = Debug|Any CPU
		{A360A4DF-E88A-41D3-9B61-CDBE7437BD4D}.Release|Any CPU.ActiveCfg = Release|Any CPU
		{A360A4DF-E88A-41D3-9B61-CDBE7437BD4D}.Release|Any CPU.Build.0 = Release|Any CPU
		{5507633D-73B9-4404-8CC5-6DF517BBA35D}.Debug|Any CPU.ActiveCfg = Debug|Any CPU
		{5507633D-73B9-4404-8CC5-6DF517BBA35D}.Debug|Any CPU.Build.0 = Debug|Any CPU
		{5507633D-73B9-4404-8CC5-6DF517BBA35D}.Release|Any CPU.ActiveCfg = Release|Any CPU
		{5507633D-73B9-4404-8CC5-6DF517BBA35D}.Release|Any CPU.Build.0 = Release|Any CPU
		{11073F99-67A6-4181-8044-AD1B88A06FED}.Debug|Any CPU.ActiveCfg = Debug|Any CPU
		{11073F99-67A6-4181-8044-AD1B88A06FED}.Debug|Any CPU.Build.0 = Debug|Any CPU
		{11073F99-67A6-4181-8044-AD1B88A06FED}.Release|Any CPU.ActiveCfg = Release|Any CPU
		{11073F99-67A6-4181-8044-AD1B88A06FED}.Release|Any CPU.Build.0 = Release|Any CPU
		{F071F48F-DA44-48D5-ABD5-50BC9DB2E766}.Debug|Any CPU.ActiveCfg = Debug|Any CPU
		{F071F48F-DA44-48D5-ABD5-50BC9DB2E766}.Debug|Any CPU.Build.0 = Debug|Any CPU
		{F071F48F-DA44-48D5-ABD5-50BC9DB2E766}.Release|Any CPU.ActiveCfg = Release|Any CPU
		{F071F48F-DA44-48D5-ABD5-50BC9DB2E766}.Release|Any CPU.Build.0 = Release|Any CPU
		{44BC66BA-1C26-4116-8223-2B615DA3C3DE}.Debug|Any CPU.ActiveCfg = Debug|Any CPU
		{44BC66BA-1C26-4116-8223-2B615DA3C3DE}.Debug|Any CPU.Build.0 = Debug|Any CPU
		{44BC66BA-1C26-4116-8223-2B615DA3C3DE}.Release|Any CPU.ActiveCfg = Release|Any CPU
		{44BC66BA-1C26-4116-8223-2B615DA3C3DE}.Release|Any CPU.Build.0 = Release|Any CPU
		{E081F1E3-953A-439B-AD31-2392F6BA1FB2}.Debug|Any CPU.ActiveCfg = Debug|Any CPU
		{E081F1E3-953A-439B-AD31-2392F6BA1FB2}.Debug|Any CPU.Build.0 = Debug|Any CPU
		{E081F1E3-953A-439B-AD31-2392F6BA1FB2}.Release|Any CPU.ActiveCfg = Release|Any CPU
		{E081F1E3-953A-439B-AD31-2392F6BA1FB2}.Release|Any CPU.Build.0 = Release|Any CPU
		{CA7DFA79-696C-477F-87F2-09789C595588}.Debug|Any CPU.ActiveCfg = Debug|Any CPU
		{CA7DFA79-696C-477F-87F2-09789C595588}.Debug|Any CPU.Build.0 = Debug|Any CPU
		{CA7DFA79-696C-477F-87F2-09789C595588}.Release|Any CPU.ActiveCfg = Release|Any CPU
		{CA7DFA79-696C-477F-87F2-09789C595588}.Release|Any CPU.Build.0 = Release|Any CPU
		{1FF2721D-CE27-479F-BC9D-AF4AE0B44358}.Debug|Any CPU.ActiveCfg = Debug|Any CPU
		{1FF2721D-CE27-479F-BC9D-AF4AE0B44358}.Debug|Any CPU.Build.0 = Debug|Any CPU
		{1FF2721D-CE27-479F-BC9D-AF4AE0B44358}.Release|Any CPU.ActiveCfg = Release|Any CPU
		{1FF2721D-CE27-479F-BC9D-AF4AE0B44358}.Release|Any CPU.Build.0 = Release|Any CPU
		{9E018D66-1938-412D-9F27-7DFC3A7B7627}.Debug|Any CPU.ActiveCfg = Debug|Any CPU
		{9E018D66-1938-412D-9F27-7DFC3A7B7627}.Debug|Any CPU.Build.0 = Debug|Any CPU
		{9E018D66-1938-412D-9F27-7DFC3A7B7627}.Release|Any CPU.ActiveCfg = Release|Any CPU
		{9E018D66-1938-412D-9F27-7DFC3A7B7627}.Release|Any CPU.Build.0 = Release|Any CPU
		{07A859CF-A916-4297-B9EF-3D1194F6B629}.Debug|Any CPU.ActiveCfg = Debug|Any CPU
		{07A859CF-A916-4297-B9EF-3D1194F6B629}.Debug|Any CPU.Build.0 = Debug|Any CPU
		{07A859CF-A916-4297-B9EF-3D1194F6B629}.Release|Any CPU.ActiveCfg = Release|Any CPU
		{07A859CF-A916-4297-B9EF-3D1194F6B629}.Release|Any CPU.Build.0 = Release|Any CPU
		{D6ABA633-170A-4F2F-B3F1-E75963D776FC}.Debug|Any CPU.ActiveCfg = Debug|Any CPU
		{D6ABA633-170A-4F2F-B3F1-E75963D776FC}.Debug|Any CPU.Build.0 = Debug|Any CPU
		{D6ABA633-170A-4F2F-B3F1-E75963D776FC}.Release|Any CPU.ActiveCfg = Release|Any CPU
		{D6ABA633-170A-4F2F-B3F1-E75963D776FC}.Release|Any CPU.Build.0 = Release|Any CPU
		{5AB5E58E-61BE-456B-8B5F-63993025B59C}.Debug|Any CPU.ActiveCfg = Debug|Any CPU
		{5AB5E58E-61BE-456B-8B5F-63993025B59C}.Debug|Any CPU.Build.0 = Debug|Any CPU
		{5AB5E58E-61BE-456B-8B5F-63993025B59C}.Release|Any CPU.ActiveCfg = Release|Any CPU
		{5AB5E58E-61BE-456B-8B5F-63993025B59C}.Release|Any CPU.Build.0 = Release|Any CPU
		{AEA0565D-824D-4BC7-AEF7-4E2B2424A9D8}.Debug|Any CPU.ActiveCfg = Debug|Any CPU
		{AEA0565D-824D-4BC7-AEF7-4E2B2424A9D8}.Debug|Any CPU.Build.0 = Debug|Any CPU
		{AEA0565D-824D-4BC7-AEF7-4E2B2424A9D8}.Release|Any CPU.ActiveCfg = Release|Any CPU
		{AEA0565D-824D-4BC7-AEF7-4E2B2424A9D8}.Release|Any CPU.Build.0 = Release|Any CPU
		{7B39EE54-A4F1-49C0-B71C-E3B511820C2F}.Debug|Any CPU.ActiveCfg = Debug|Any CPU
		{7B39EE54-A4F1-49C0-B71C-E3B511820C2F}.Debug|Any CPU.Build.0 = Debug|Any CPU
		{7B39EE54-A4F1-49C0-B71C-E3B511820C2F}.Release|Any CPU.ActiveCfg = Release|Any CPU
		{7B39EE54-A4F1-49C0-B71C-E3B511820C2F}.Release|Any CPU.Build.0 = Release|Any CPU
		{E823952C-C890-468A-8E24-E14442EA7871}.Debug|Any CPU.ActiveCfg = Debug|Any CPU
		{E823952C-C890-468A-8E24-E14442EA7871}.Debug|Any CPU.Build.0 = Debug|Any CPU
		{E823952C-C890-468A-8E24-E14442EA7871}.Release|Any CPU.ActiveCfg = Release|Any CPU
		{E823952C-C890-468A-8E24-E14442EA7871}.Release|Any CPU.Build.0 = Release|Any CPU
		{A3019643-5144-4A2C-A81D-49E6D7E4BCE1}.Debug|Any CPU.ActiveCfg = Debug|Any CPU
		{A3019643-5144-4A2C-A81D-49E6D7E4BCE1}.Debug|Any CPU.Build.0 = Debug|Any CPU
		{A3019643-5144-4A2C-A81D-49E6D7E4BCE1}.Release|Any CPU.ActiveCfg = Release|Any CPU
		{A3019643-5144-4A2C-A81D-49E6D7E4BCE1}.Release|Any CPU.Build.0 = Release|Any CPU
	EndGlobalSection
	GlobalSection(SolutionProperties) = preSolution
		HideSolutionNode = FALSE
	EndGlobalSection
	GlobalSection(ExtensibilityGlobals) = postSolution
		SolutionGuid = {C78D6D32-99D0-4F4A-84D7-85602AD2ADB0}
	EndGlobalSection
EndGlobal
